// !$*UTF8*$!
{
	archiveVersion = 1;
	classes = {
	};
	objectVersion = 56;
	objects = {

/* Begin PBXBuildFile section */
		149626952AB1E6F300746237 /* AuthenticationViewModel.swift in Sources */ = {isa = PBXBuildFile; fileRef = 149626942AB1E6F300746237 /* AuthenticationViewModel.swift */; };
		149626972AB1E8E800746237 /* EmptyView.swift in Sources */ = {isa = PBXBuildFile; fileRef = 149626962AB1E8E800746237 /* EmptyView.swift */; };
		149FD4E22AB45B890082C71F /* UserViewModel.swift in Sources */ = {isa = PBXBuildFile; fileRef = 149FD4E12AB45B890082C71F /* UserViewModel.swift */; };
		14EDAB3F2AB083EA00A19CD7 /* Group_17_FirebaseApp.swift in Sources */ = {isa = PBXBuildFile; fileRef = 14EDAB3E2AB083EA00A19CD7 /* Group_17_FirebaseApp.swift */; };
		14EDAB412AB083EA00A19CD7 /* WelcomeView.swift in Sources */ = {isa = PBXBuildFile; fileRef = 14EDAB402AB083EA00A19CD7 /* WelcomeView.swift */; };
		14EDAB432AB083EC00A19CD7 /* Assets.xcassets in Resources */ = {isa = PBXBuildFile; fileRef = 14EDAB422AB083EC00A19CD7 /* Assets.xcassets */; };
		14EDAB462AB083EC00A19CD7 /* Preview Assets.xcassets in Resources */ = {isa = PBXBuildFile; fileRef = 14EDAB452AB083EC00A19CD7 /* Preview Assets.xcassets */; };
		14EDAB4F2AB0859F00A19CD7 /* GoogleService-Info.plist in Resources */ = {isa = PBXBuildFile; fileRef = 14EDAB4E2AB0859F00A19CD7 /* GoogleService-Info.plist */; };
		14EDAB522AB0872800A19CD7 /* FirebaseAuth in Frameworks */ = {isa = PBXBuildFile; productRef = 14EDAB512AB0872800A19CD7 /* FirebaseAuth */; };
		14EDAB542AB0872800A19CD7 /* FirebaseDatabase in Frameworks */ = {isa = PBXBuildFile; productRef = 14EDAB532AB0872800A19CD7 /* FirebaseDatabase */; };
		14EDAB562AB0872800A19CD7 /* FirebaseDatabaseSwift in Frameworks */ = {isa = PBXBuildFile; productRef = 14EDAB552AB0872800A19CD7 /* FirebaseDatabaseSwift */; };
		14EDAB582AB0872800A19CD7 /* FirebaseFirestore in Frameworks */ = {isa = PBXBuildFile; productRef = 14EDAB572AB0872800A19CD7 /* FirebaseFirestore */; };
		14EDAB5A2AB0872800A19CD7 /* FirebaseFirestoreCombine-Community in Frameworks */ = {isa = PBXBuildFile; productRef = 14EDAB592AB0872800A19CD7 /* FirebaseFirestoreCombine-Community */; };
		14EDAB5C2AB0872800A19CD7 /* FirebaseFirestoreSwift in Frameworks */ = {isa = PBXBuildFile; productRef = 14EDAB5B2AB0872800A19CD7 /* FirebaseFirestoreSwift */; };
		14EDAB5E2AB0872800A19CD7 /* FirebaseStorage in Frameworks */ = {isa = PBXBuildFile; productRef = 14EDAB5D2AB0872800A19CD7 /* FirebaseStorage */; };
		14EDAB602AB0872800A19CD7 /* FirebaseStorageCombine-Community in Frameworks */ = {isa = PBXBuildFile; productRef = 14EDAB5F2AB0872800A19CD7 /* FirebaseStorageCombine-Community */; };
		14EDAB622AB0907000A19CD7 /* LogInSheet.swift in Sources */ = {isa = PBXBuildFile; fileRef = 14EDAB612AB0907000A19CD7 /* LogInSheet.swift */; };
		14EDAB642AB0915F00A19CD7 /* RegisterSheet.swift in Sources */ = {isa = PBXBuildFile; fileRef = 14EDAB632AB0915F00A19CD7 /* RegisterSheet.swift */; };
		14EDAB6D2AB0A11800A19CD7 /* ViewModifiers.swift in Sources */ = {isa = PBXBuildFile; fileRef = 14EDAB6C2AB0A11800A19CD7 /* ViewModifiers.swift */; };
/* End PBXBuildFile section */

/* Begin PBXFileReference section */
		149626942AB1E6F300746237 /* AuthenticationViewModel.swift */ = {isa = PBXFileReference; lastKnownFileType = sourcecode.swift; path = AuthenticationViewModel.swift; sourceTree = "<group>"; };
		149626962AB1E8E800746237 /* EmptyView.swift */ = {isa = PBXFileReference; lastKnownFileType = sourcecode.swift; path = EmptyView.swift; sourceTree = "<group>"; };
		149FD4E12AB45B890082C71F /* UserViewModel.swift */ = {isa = PBXFileReference; lastKnownFileType = sourcecode.swift; path = UserViewModel.swift; sourceTree = "<group>"; };
		14EDAB3B2AB083EA00A19CD7 /* Group 17 Firebase.app */ = {isa = PBXFileReference; explicitFileType = wrapper.application; includeInIndex = 0; path = "Group 17 Firebase.app"; sourceTree = BUILT_PRODUCTS_DIR; };
		14EDAB3E2AB083EA00A19CD7 /* Group_17_FirebaseApp.swift */ = {isa = PBXFileReference; lastKnownFileType = sourcecode.swift; path = Group_17_FirebaseApp.swift; sourceTree = "<group>"; };
		14EDAB402AB083EA00A19CD7 /* WelcomeView.swift */ = {isa = PBXFileReference; lastKnownFileType = sourcecode.swift; path = WelcomeView.swift; sourceTree = "<group>"; };
		14EDAB422AB083EC00A19CD7 /* Assets.xcassets */ = {isa = PBXFileReference; lastKnownFileType = folder.assetcatalog; path = Assets.xcassets; sourceTree = "<group>"; };
		14EDAB452AB083EC00A19CD7 /* Preview Assets.xcassets */ = {isa = PBXFileReference; lastKnownFileType = folder.assetcatalog; path = "Preview Assets.xcassets"; sourceTree = "<group>"; };
		14EDAB4E2AB0859F00A19CD7 /* GoogleService-Info.plist */ = {isa = PBXFileReference; fileEncoding = 4; lastKnownFileType = text.plist.xml; path = "GoogleService-Info.plist"; sourceTree = "<group>"; };
		14EDAB612AB0907000A19CD7 /* LogInSheet.swift */ = {isa = PBXFileReference; lastKnownFileType = sourcecode.swift; path = LogInSheet.swift; sourceTree = "<group>"; };
		14EDAB632AB0915F00A19CD7 /* RegisterSheet.swift */ = {isa = PBXFileReference; lastKnownFileType = sourcecode.swift; path = RegisterSheet.swift; sourceTree = "<group>"; };
		14EDAB6C2AB0A11800A19CD7 /* ViewModifiers.swift */ = {isa = PBXFileReference; lastKnownFileType = sourcecode.swift; path = ViewModifiers.swift; sourceTree = "<group>"; };
/* End PBXFileReference section */

/* Begin PBXFrameworksBuildPhase section */
		14EDAB382AB083EA00A19CD7 /* Frameworks */ = {
			isa = PBXFrameworksBuildPhase;
			buildActionMask = 2147483647;
			files = (
				14EDAB562AB0872800A19CD7 /* FirebaseDatabaseSwift in Frameworks */,
				14EDAB582AB0872800A19CD7 /* FirebaseFirestore in Frameworks */,
				14EDAB602AB0872800A19CD7 /* FirebaseStorageCombine-Community in Frameworks */,
				14EDAB542AB0872800A19CD7 /* FirebaseDatabase in Frameworks */,
				14EDAB5A2AB0872800A19CD7 /* FirebaseFirestoreCombine-Community in Frameworks */,
				14EDAB5E2AB0872800A19CD7 /* FirebaseStorage in Frameworks */,
				14EDAB522AB0872800A19CD7 /* FirebaseAuth in Frameworks */,
				14EDAB5C2AB0872800A19CD7 /* FirebaseFirestoreSwift in Frameworks */,
			);
			runOnlyForDeploymentPostprocessing = 0;
		};
/* End PBXFrameworksBuildPhase section */

/* Begin PBXGroup section */
		14EDAB322AB083EA00A19CD7 = {
			isa = PBXGroup;
			children = (
				14EDAB3D2AB083EA00A19CD7 /* Group 17 Firebase */,
				14EDAB3C2AB083EA00A19CD7 /* Products */,
			);
			sourceTree = "<group>";
		};
		14EDAB3C2AB083EA00A19CD7 /* Products */ = {
			isa = PBXGroup;
			children = (
				14EDAB3B2AB083EA00A19CD7 /* Group 17 Firebase.app */,
			);
			name = Products;
			sourceTree = "<group>";
		};
		14EDAB3D2AB083EA00A19CD7 /* Group 17 Firebase */ = {
			isa = PBXGroup;
			children = (
				14EDAB4E2AB0859F00A19CD7 /* GoogleService-Info.plist */,
				14EDAB3E2AB083EA00A19CD7 /* Group_17_FirebaseApp.swift */,
				14EDAB6C2AB0A11800A19CD7 /* ViewModifiers.swift */,
				14EDAB402AB083EA00A19CD7 /* WelcomeView.swift */,
				14EDAB612AB0907000A19CD7 /* LogInSheet.swift */,
				149626942AB1E6F300746237 /* AuthenticationViewModel.swift */,
				149FD4E12AB45B890082C71F /* UserViewModel.swift */,
				14EDAB632AB0915F00A19CD7 /* RegisterSheet.swift */,
				149626962AB1E8E800746237 /* EmptyView.swift */,
				14EDAB422AB083EC00A19CD7 /* Assets.xcassets */,
				14EDAB442AB083EC00A19CD7 /* Preview Content */,
			);
			path = "Group 17 Firebase";
			sourceTree = "<group>";
		};
		14EDAB442AB083EC00A19CD7 /* Preview Content */ = {
			isa = PBXGroup;
			children = (
				14EDAB452AB083EC00A19CD7 /* Preview Assets.xcassets */,
			);
			path = "Preview Content";
			sourceTree = "<group>";
		};
/* End PBXGroup section */

/* Begin PBXNativeTarget section */
		14EDAB3A2AB083EA00A19CD7 /* Group 17 Firebase */ = {
			isa = PBXNativeTarget;
			buildConfigurationList = 14EDAB492AB083EC00A19CD7 /* Build configuration list for PBXNativeTarget "Group 17 Firebase" */;
			buildPhases = (
				14EDAB372AB083EA00A19CD7 /* Sources */,
				14EDAB382AB083EA00A19CD7 /* Frameworks */,
				14EDAB392AB083EA00A19CD7 /* Resources */,
			);
			buildRules = (
			);
			dependencies = (
			);
			name = "Group 17 Firebase";
			packageProductDependencies = (
				14EDAB512AB0872800A19CD7 /* FirebaseAuth */,
				14EDAB532AB0872800A19CD7 /* FirebaseDatabase */,
				14EDAB552AB0872800A19CD7 /* FirebaseDatabaseSwift */,
				14EDAB572AB0872800A19CD7 /* FirebaseFirestore */,
				14EDAB592AB0872800A19CD7 /* FirebaseFirestoreCombine-Community */,
				14EDAB5B2AB0872800A19CD7 /* FirebaseFirestoreSwift */,
				14EDAB5D2AB0872800A19CD7 /* FirebaseStorage */,
				14EDAB5F2AB0872800A19CD7 /* FirebaseStorageCombine-Community */,
			);
			productName = "Group 17 Firebase";
			productReference = 14EDAB3B2AB083EA00A19CD7 /* Group 17 Firebase.app */;
			productType = "com.apple.product-type.application";
		};
/* End PBXNativeTarget section */

/* Begin PBXProject section */
		14EDAB332AB083EA00A19CD7 /* Project object */ = {
			isa = PBXProject;
			attributes = {
				BuildIndependentTargetsInParallel = 1;
				LastSwiftUpdateCheck = 1430;
				LastUpgradeCheck = 1430;
				TargetAttributes = {
					14EDAB3A2AB083EA00A19CD7 = {
						CreatedOnToolsVersion = 14.3.1;
					};
				};
			};
			buildConfigurationList = 14EDAB362AB083EA00A19CD7 /* Build configuration list for PBXProject "Group 17 Firebase" */;
			compatibilityVersion = "Xcode 14.0";
			developmentRegion = en;
			hasScannedForEncodings = 0;
			knownRegions = (
				en,
				Base,
			);
			mainGroup = 14EDAB322AB083EA00A19CD7;
			packageReferences = (
				14EDAB502AB0872800A19CD7 /* XCRemoteSwiftPackageReference "firebase-ios-sdk" */,
			);
			productRefGroup = 14EDAB3C2AB083EA00A19CD7 /* Products */;
			projectDirPath = "";
			projectRoot = "";
			targets = (
				14EDAB3A2AB083EA00A19CD7 /* Group 17 Firebase */,
			);
		};
/* End PBXProject section */

/* Begin PBXResourcesBuildPhase section */
		14EDAB392AB083EA00A19CD7 /* Resources */ = {
			isa = PBXResourcesBuildPhase;
			buildActionMask = 2147483647;
			files = (
				14EDAB462AB083EC00A19CD7 /* Preview Assets.xcassets in Resources */,
				14EDAB432AB083EC00A19CD7 /* Assets.xcassets in Resources */,
				14EDAB4F2AB0859F00A19CD7 /* GoogleService-Info.plist in Resources */,
			);
			runOnlyForDeploymentPostprocessing = 0;
		};
/* End PBXResourcesBuildPhase section */

/* Begin PBXSourcesBuildPhase section */
		14EDAB372AB083EA00A19CD7 /* Sources */ = {
			isa = PBXSourcesBuildPhase;
			buildActionMask = 2147483647;
			files = (
				149626952AB1E6F300746237 /* AuthenticationViewModel.swift in Sources */,
				149FD4E22AB45B890082C71F /* UserViewModel.swift in Sources */,
				14EDAB6D2AB0A11800A19CD7 /* ViewModifiers.swift in Sources */,
				14EDAB642AB0915F00A19CD7 /* RegisterSheet.swift in Sources */,
				14EDAB412AB083EA00A19CD7 /* WelcomeView.swift in Sources */,
				14EDAB3F2AB083EA00A19CD7 /* Group_17_FirebaseApp.swift in Sources */,
				149626972AB1E8E800746237 /* EmptyView.swift in Sources */,
				14EDAB622AB0907000A19CD7 /* LogInSheet.swift in Sources */,
			);
			runOnlyForDeploymentPostprocessing = 0;
		};
/* End PBXSourcesBuildPhase section */

/* Begin XCBuildConfiguration section */
		14EDAB472AB083EC00A19CD7 /* Debug */ = {
			isa = XCBuildConfiguration;
			buildSettings = {
				ALWAYS_SEARCH_USER_PATHS = NO;
				CLANG_ANALYZER_NONNULL = YES;
				CLANG_ANALYZER_NUMBER_OBJECT_CONVERSION = YES_AGGRESSIVE;
				CLANG_CXX_LANGUAGE_STANDARD = "gnu++20";
				CLANG_ENABLE_MODULES = YES;
				CLANG_ENABLE_OBJC_ARC = YES;
				CLANG_ENABLE_OBJC_WEAK = YES;
				CLANG_WARN_BLOCK_CAPTURE_AUTORELEASING = YES;
				CLANG_WARN_BOOL_CONVERSION = YES;
				CLANG_WARN_COMMA = YES;
				CLANG_WARN_CONSTANT_CONVERSION = YES;
				CLANG_WARN_DEPRECATED_OBJC_IMPLEMENTATIONS = YES;
				CLANG_WARN_DIRECT_OBJC_ISA_USAGE = YES_ERROR;
				CLANG_WARN_DOCUMENTATION_COMMENTS = YES;
				CLANG_WARN_EMPTY_BODY = YES;
				CLANG_WARN_ENUM_CONVERSION = YES;
				CLANG_WARN_INFINITE_RECURSION = YES;
				CLANG_WARN_INT_CONVERSION = YES;
				CLANG_WARN_NON_LITERAL_NULL_CONVERSION = YES;
				CLANG_WARN_OBJC_IMPLICIT_RETAIN_SELF = YES;
				CLANG_WARN_OBJC_LITERAL_CONVERSION = YES;
				CLANG_WARN_OBJC_ROOT_CLASS = YES_ERROR;
				CLANG_WARN_QUOTED_INCLUDE_IN_FRAMEWORK_HEADER = YES;
				CLANG_WARN_RANGE_LOOP_ANALYSIS = YES;
				CLANG_WARN_STRICT_PROTOTYPES = YES;
				CLANG_WARN_SUSPICIOUS_MOVE = YES;
				CLANG_WARN_UNGUARDED_AVAILABILITY = YES_AGGRESSIVE;
				CLANG_WARN_UNREACHABLE_CODE = YES;
				CLANG_WARN__DUPLICATE_METHOD_MATCH = YES;
				COPY_PHASE_STRIP = NO;
				DEBUG_INFORMATION_FORMAT = dwarf;
				ENABLE_STRICT_OBJC_MSGSEND = YES;
				ENABLE_TESTABILITY = YES;
				GCC_C_LANGUAGE_STANDARD = gnu11;
				GCC_DYNAMIC_NO_PIC = NO;
				GCC_NO_COMMON_BLOCKS = YES;
				GCC_OPTIMIZATION_LEVEL = 0;
				GCC_PREPROCESSOR_DEFINITIONS = (
					"DEBUG=1",
					"$(inherited)",
				);
				GCC_WARN_64_TO_32_BIT_CONVERSION = YES;
				GCC_WARN_ABOUT_RETURN_TYPE = YES_ERROR;
				GCC_WARN_UNDECLARED_SELECTOR = YES;
				GCC_WARN_UNINITIALIZED_AUTOS = YES_AGGRESSIVE;
				GCC_WARN_UNUSED_FUNCTION = YES;
				GCC_WARN_UNUSED_VARIABLE = YES;
				IPHONEOS_DEPLOYMENT_TARGET = 16.4;
				MTL_ENABLE_DEBUG_INFO = INCLUDE_SOURCE;
				MTL_FAST_MATH = YES;
				ONLY_ACTIVE_ARCH = YES;
				SDKROOT = iphoneos;
				SWIFT_ACTIVE_COMPILATION_CONDITIONS = DEBUG;
				SWIFT_OPTIMIZATION_LEVEL = "-Onone";
			};
			name = Debug;
		};
		14EDAB482AB083EC00A19CD7 /* Release */ = {
			isa = XCBuildConfiguration;
			buildSettings = {
				ALWAYS_SEARCH_USER_PATHS = NO;
				CLANG_ANALYZER_NONNULL = YES;
				CLANG_ANALYZER_NUMBER_OBJECT_CONVERSION = YES_AGGRESSIVE;
				CLANG_CXX_LANGUAGE_STANDARD = "gnu++20";
				CLANG_ENABLE_MODULES = YES;
				CLANG_ENABLE_OBJC_ARC = YES;
				CLANG_ENABLE_OBJC_WEAK = YES;
				CLANG_WARN_BLOCK_CAPTURE_AUTORELEASING = YES;
				CLANG_WARN_BOOL_CONVERSION = YES;
				CLANG_WARN_COMMA = YES;
				CLANG_WARN_CONSTANT_CONVERSION = YES;
				CLANG_WARN_DEPRECATED_OBJC_IMPLEMENTATIONS = YES;
				CLANG_WARN_DIRECT_OBJC_ISA_USAGE = YES_ERROR;
				CLANG_WARN_DOCUMENTATION_COMMENTS = YES;
				CLANG_WARN_EMPTY_BODY = YES;
				CLANG_WARN_ENUM_CONVERSION = YES;
				CLANG_WARN_INFINITE_RECURSION = YES;
				CLANG_WARN_INT_CONVERSION = YES;
				CLANG_WARN_NON_LITERAL_NULL_CONVERSION = YES;
				CLANG_WARN_OBJC_IMPLICIT_RETAIN_SELF = YES;
				CLANG_WARN_OBJC_LITERAL_CONVERSION = YES;
				CLANG_WARN_OBJC_ROOT_CLASS = YES_ERROR;
				CLANG_WARN_QUOTED_INCLUDE_IN_FRAMEWORK_HEADER = YES;
				CLANG_WARN_RANGE_LOOP_ANALYSIS = YES;
				CLANG_WARN_STRICT_PROTOTYPES = YES;
				CLANG_WARN_SUSPICIOUS_MOVE = YES;
				CLANG_WARN_UNGUARDED_AVAILABILITY = YES_AGGRESSIVE;
				CLANG_WARN_UNREACHABLE_CODE = YES;
				CLANG_WARN__DUPLICATE_METHOD_MATCH = YES;
				COPY_PHASE_STRIP = NO;
				DEBUG_INFORMATION_FORMAT = "dwarf-with-dsym";
				ENABLE_NS_ASSERTIONS = NO;
				ENABLE_STRICT_OBJC_MSGSEND = YES;
				GCC_C_LANGUAGE_STANDARD = gnu11;
				GCC_NO_COMMON_BLOCKS = YES;
				GCC_WARN_64_TO_32_BIT_CONVERSION = YES;
				GCC_WARN_ABOUT_RETURN_TYPE = YES_ERROR;
				GCC_WARN_UNDECLARED_SELECTOR = YES;
				GCC_WARN_UNINITIALIZED_AUTOS = YES_AGGRESSIVE;
				GCC_WARN_UNUSED_FUNCTION = YES;
				GCC_WARN_UNUSED_VARIABLE = YES;
				IPHONEOS_DEPLOYMENT_TARGET = 16.4;
				MTL_ENABLE_DEBUG_INFO = NO;
				MTL_FAST_MATH = YES;
				SDKROOT = iphoneos;
				SWIFT_COMPILATION_MODE = wholemodule;
				SWIFT_OPTIMIZATION_LEVEL = "-O";
				VALIDATE_PRODUCT = YES;
			};
			name = Release;
		};
		14EDAB4A2AB083EC00A19CD7 /* Debug */ = {
			isa = XCBuildConfiguration;
			buildSettings = {
				ASSETCATALOG_COMPILER_APPICON_NAME = AppIcon;
				ASSETCATALOG_COMPILER_GLOBAL_ACCENT_COLOR_NAME = AccentColor;
				CODE_SIGN_STYLE = Automatic;
				CURRENT_PROJECT_VERSION = 1;
				DEVELOPMENT_ASSET_PATHS = "\"Group 17 Firebase/Preview Content\"";
				ENABLE_PREVIEWS = YES;
				GENERATE_INFOPLIST_FILE = YES;
				INFOPLIST_KEY_UIApplicationSceneManifest_Generation = YES;
				INFOPLIST_KEY_UIApplicationSupportsIndirectInputEvents = YES;
				INFOPLIST_KEY_UILaunchScreen_Generation = YES;
				INFOPLIST_KEY_UISupportedInterfaceOrientations_iPad = "UIInterfaceOrientationPortrait UIInterfaceOrientationPortraitUpsideDown UIInterfaceOrientationLandscapeLeft UIInterfaceOrientationLandscapeRight";
				INFOPLIST_KEY_UISupportedInterfaceOrientations_iPhone = "UIInterfaceOrientationPortrait UIInterfaceOrientationLandscapeLeft UIInterfaceOrientationLandscapeRight";
				LD_RUNPATH_SEARCH_PATHS = (
					"$(inherited)",
					"@executable_path/Frameworks",
				);
				MARKETING_VERSION = 1.0;
				PRODUCT_BUNDLE_IDENTIFIER = "vn.edu.rmit.s3927562.Group-17-Firebase";
				PRODUCT_NAME = "$(TARGET_NAME)";
				SWIFT_EMIT_LOC_STRINGS = YES;
				SWIFT_VERSION = 5.0;
				TARGETED_DEVICE_FAMILY = "1,2";
			};
			name = Debug;
		};
		14EDAB4B2AB083EC00A19CD7 /* Release */ = {
			isa = XCBuildConfiguration;
			buildSettings = {
				ASSETCATALOG_COMPILER_APPICON_NAME = AppIcon;
				ASSETCATALOG_COMPILER_GLOBAL_ACCENT_COLOR_NAME = AccentColor;
				CODE_SIGN_STYLE = Automatic;
				CURRENT_PROJECT_VERSION = 1;
				DEVELOPMENT_ASSET_PATHS = "\"Group 17 Firebase/Preview Content\"";
				ENABLE_PREVIEWS = YES;
				GENERATE_INFOPLIST_FILE = YES;
				INFOPLIST_KEY_UIApplicationSceneManifest_Generation = YES;
				INFOPLIST_KEY_UIApplicationSupportsIndirectInputEvents = YES;
				INFOPLIST_KEY_UILaunchScreen_Generation = YES;
				INFOPLIST_KEY_UISupportedInterfaceOrientations_iPad = "UIInterfaceOrientationPortrait UIInterfaceOrientationPortraitUpsideDown UIInterfaceOrientationLandscapeLeft UIInterfaceOrientationLandscapeRight";
				INFOPLIST_KEY_UISupportedInterfaceOrientations_iPhone = "UIInterfaceOrientationPortrait UIInterfaceOrientationLandscapeLeft UIInterfaceOrientationLandscapeRight";
				LD_RUNPATH_SEARCH_PATHS = (
					"$(inherited)",
					"@executable_path/Frameworks",
				);
				MARKETING_VERSION = 1.0;
				PRODUCT_BUNDLE_IDENTIFIER = "vn.edu.rmit.s3927562.Group-17-Firebase";
				PRODUCT_NAME = "$(TARGET_NAME)";
				SWIFT_EMIT_LOC_STRINGS = YES;
				SWIFT_VERSION = 5.0;
				TARGETED_DEVICE_FAMILY = "1,2";
			};
			name = Release;
		};
/* End XCBuildConfiguration section */

/* Begin XCConfigurationList section */
		14EDAB362AB083EA00A19CD7 /* Build configuration list for PBXProject "Group 17 Firebase" */ = {
			isa = XCConfigurationList;
			buildConfigurations = (
				14EDAB472AB083EC00A19CD7 /* Debug */,
				14EDAB482AB083EC00A19CD7 /* Release */,
			);
			defaultConfigurationIsVisible = 0;
			defaultConfigurationName = Release;
		};
		14EDAB492AB083EC00A19CD7 /* Build configuration list for PBXNativeTarget "Group 17 Firebase" */ = {
			isa = XCConfigurationList;
			buildConfigurations = (
				14EDAB4A2AB083EC00A19CD7 /* Debug */,
				14EDAB4B2AB083EC00A19CD7 /* Release */,
			);
			defaultConfigurationIsVisible = 0;
			defaultConfigurationName = Release;
		};
/* End XCConfigurationList section */

/* Begin XCRemoteSwiftPackageReference section */
		14EDAB502AB0872800A19CD7 /* XCRemoteSwiftPackageReference "firebase-ios-sdk" */ = {
			isa = XCRemoteSwiftPackageReference;
			repositoryURL = "https://github.com/firebase/firebase-ios-sdk";
			requirement = {
				kind = upToNextMajorVersion;
				minimumVersion = 10.0.0;
			};
		};
/* End XCRemoteSwiftPackageReference section */

/* Begin XCSwiftPackageProductDependency section */
		14EDAB512AB0872800A19CD7 /* FirebaseAuth */ = {
			isa = XCSwiftPackageProductDependency;
			package = 14EDAB502AB0872800A19CD7 /* XCRemoteSwiftPackageReference "firebase-ios-sdk" */;
			productName = FirebaseAuth;
		};
		14EDAB532AB0872800A19CD7 /* FirebaseDatabase */ = {
			isa = XCSwiftPackageProductDependency;
			package = 14EDAB502AB0872800A19CD7 /* XCRemoteSwiftPackageReference "firebase-ios-sdk" */;
			productName = FirebaseDatabase;
		};
		14EDAB552AB0872800A19CD7 /* FirebaseDatabaseSwift */ = {
			isa = XCSwiftPackageProductDependency;
			package = 14EDAB502AB0872800A19CD7 /* XCRemoteSwiftPackageReference "firebase-ios-sdk" */;
			productName = FirebaseDatabaseSwift;
		};
		14EDAB572AB0872800A19CD7 /* FirebaseFirestore */ = {
			isa = XCSwiftPackageProductDependency;
			package = 14EDAB502AB0872800A19CD7 /* XCRemoteSwiftPackageReference "firebase-ios-sdk" */;
			productName = FirebaseFirestore;
		};
		14EDAB592AB0872800A19CD7 /* FirebaseFirestoreCombine-Community */ = {
			isa = XCSwiftPackageProductDependency;
			package = 14EDAB502AB0872800A19CD7 /* XCRemoteSwiftPackageReference "firebase-ios-sdk" */;
			productName = "FirebaseFirestoreCombine-Community";
		};
		14EDAB5B2AB0872800A19CD7 /* FirebaseFirestoreSwift */ = {
			isa = XCSwiftPackageProductDependency;
			package = 14EDAB502AB0872800A19CD7 /* XCRemoteSwiftPackageReference "firebase-ios-sdk" */;
			productName = FirebaseFirestoreSwift;
		};
		14EDAB5D2AB0872800A19CD7 /* FirebaseStorage */ = {
			isa = XCSwiftPackageProductDependency;
			package = 14EDAB502AB0872800A19CD7 /* XCRemoteSwiftPackageReference "firebase-ios-sdk" */;
			productName = FirebaseStorage;
		};
		14EDAB5F2AB0872800A19CD7 /* FirebaseStorageCombine-Community */ = {
			isa = XCSwiftPackageProductDependency;
			package = 14EDAB502AB0872800A19CD7 /* XCRemoteSwiftPackageReference "firebase-ios-sdk" */;
			productName = "FirebaseStorageCombine-Community";
		};
/* End XCSwiftPackageProductDependency section */
	};
	rootObject = 14EDAB332AB083EA00A19CD7 /* Project object */;
}
